{
  "name": "chess.js",
  "version": "1.0.0",
  "lockfileVersion": 2,
  "requires": true,
  "packages": {
    "": {
      "name": "chess.js",
      "version": "1.0.0",
      "license": "ISC",
      "dependencies": {
        "chess.js": "^1.0.0-beta.3"
      }
    },
    "node_modules/chess.js": {
      "version": "1.0.0-beta.3",
      "resolved": "https://registry.npmjs.org/chess.js/-/chess.js-1.0.0-beta.3.tgz",
      "integrity": "sha512-zu8QVvP0BmMzrstlsrXL2LxdHfAkrtyNftVRaJXGI5mn2ZSsgTJujvZx5BVJsPMwBkRZ+omCdZkVyVLBlKn2HA=="
    }
  },
  "dependencies": {
    "chess.js": {
      "version": "1.0.0-beta.3",
      "resolved": "https://registry.npmjs.org/chess.js/-/chess.js-1.0.0-beta.3.tgz",
      "integrity": "sha512-zu8QVvP0BmMzrstlsrXL2LxdHfAkrtyNftVRaJXGI5mn2ZSsgTJujvZx5BVJsPMwBkRZ+omCdZkVyVLBlKn2HA=="
    }
  }
}
